
Microsoft Visual Studio Solution File, Format Version 12.00
# Visual Studio 15
VisualStudioVersion = 15.0.27428.2015
MinimumVisualStudioVersion = 10.0.40219.1
Project("{FAE04EC0-301F-11D3-BF4B-00C04F79EFBC}") = "LoginApp", "LoginApp\LoginApp.csproj", "{37E0824A-2DC6-4263-BF13-F94795C37908}"
EndProject
Project("{FAE04EC0-301F-11D3-BF4B-00C04F79EFBC}") = "LoginApp.DAL", "LoginApp.DAL\LoginApp.DAL.csproj", "{417CA9CF-C5C6-48AC-80CE-509FF57173C3}"
EndProject
Project("{FAE04EC0-301F-11D3-BF4B-00C04F79EFBC}") = "LoginApp.Cryptology", "LoginApp.Cryptology\LoginApp.Cryptology.csproj", "{4F9E4FAC-E4A7-44FF-B3B6-98562343DFF8}"
EndProject
Global
	GlobalSection(SolutionConfigurationPlatforms) = preSolution
		Debug|Any CPU = Debug|Any CPU
		Release|Any CPU = Release|Any CPU
	EndGlobalSection
	GlobalSection(ProjectConfigurationPlatforms) = postSolution
		{37E0824A-2DC6-4263-BF13-F94795C37908}.Debug|Any CPU.ActiveCfg = Debug|Any CPU
		{37E0824A-2DC6-4263-BF13-F94795C37908}.Debug|Any CPU.Build.0 = Debug|Any CPU
		{37E0824A-2DC6-4263-BF13-F94795C37908}.Release|Any CPU.ActiveCfg = Release|Any CPU
		{37E0824A-2DC6-4263-BF13-F94795C37908}.Release|Any CPU.Build.0 = Release|Any CPU
		{417CA9CF-C5C6-48AC-80CE-509FF57173C3}.Debug|Any CPU.ActiveCfg = Debug|Any CPU
		{417CA9CF-C5C6-48AC-80CE-509FF57173C3}.Debug|Any CPU.Build.0 = Debug|Any CPU
		{417CA9CF-C5C6-48AC-80CE-509FF57173C3}.Release|Any CPU.ActiveCfg = Release|Any CPU
		{417CA9CF-C5C6-48AC-80CE-509FF57173C3}.Release|Any CPU.Build.0 = Release|Any CPU
		{4F9E4FAC-E4A7-44FF-B3B6-98562343DFF8}.Debug|Any CPU.ActiveCfg = Debug|Any CPU
		{4F9E4FAC-E4A7-44FF-B3B6-98562343DFF8}.Debug|Any CPU.Build.0 = Debug|Any CPU
		{4F9E4FAC-E4A7-44FF-B3B6-98562343DFF8}.Release|Any CPU.ActiveCfg = Release|Any CPU
		{4F9E4FAC-E4A7-44FF-B3B6-98562343DFF8}.Release|Any CPU.Build.0 = Release|Any CPU
	EndGlobalSection
	GlobalSection(SolutionProperties) = preSolution
		HideSolutionNode = FALSE
	EndGlobalSection
	GlobalSection(ExtensibilityGlobals) = postSolution
		SolutionGuid = {4E2E86DA-2C6C-459C-BB7E-EDA281CB9017}
	EndGlobalSection
EndGlobal
